
Microsoft Visual Studio Solution File, Format Version 12.00
# Visual Studio Version 17
VisualStudioVersion = 17.8.34408.163
MinimumVisualStudioVersion = 10.0.40219.1
Project("{9A19103F-16F7-4668-BE54-9A1E7A4F7556}") = "TDSGCellFormat", "TDSGCellFormat\TDSGCellFormat.csproj", "{B70FD789-3450-47C1-BBF3-CB30948491B1}"
EndProject
Project("{9A19103F-16F7-4668-BE54-9A1E7A4F7556}") = "TDSGCellFormat.Common", "Common\TDSGCellFormat.Common.csproj", "{DF8DD9CD-5B3B-42BC-8D62-A8B3F6E99C48}"
EndProject
Project("{9A19103F-16F7-4668-BE54-9A1E7A4F7556}") = "TDSG.TroubleReport.Scheduler", "TDSG.TroubleReport.Scheduler\TDSG.TroubleReport.Scheduler.csproj", "{39DC686A-455C-49EA-BBED-746B79F472D5}"
EndProject
Project("{FAE04EC0-301F-11D3-BF4B-00C04F79EFBC}") = "TDSG.CellForms.SubstituteScheduler", "TDSG.CellForms.SubstituteScheduler\TDSG.CellForms.SubstituteScheduler.csproj", "{ACFF5501-5C3A-4277-B0A8-D9AED3906381}"
EndProject
Global
	GlobalSection(SolutionConfigurationPlatforms) = preSolution
		Debug|Any CPU = Debug|Any CPU
		Release|Any CPU = Release|Any CPU
	EndGlobalSection
	GlobalSection(ProjectConfigurationPlatforms) = postSolution
		{B70FD789-3450-47C1-BBF3-CB30948491B1}.Debug|Any CPU.ActiveCfg = Debug|Any CPU
		{B70FD789-3450-47C1-BBF3-CB30948491B1}.Debug|Any CPU.Build.0 = Debug|Any CPU
		{B70FD789-3450-47C1-BBF3-CB30948491B1}.Release|Any CPU.ActiveCfg = Release|Any CPU
		{B70FD789-3450-47C1-BBF3-CB30948491B1}.Release|Any CPU.Build.0 = Release|Any CPU
		{DF8DD9CD-5B3B-42BC-8D62-A8B3F6E99C48}.Debug|Any CPU.ActiveCfg = Debug|Any CPU
		{DF8DD9CD-5B3B-42BC-8D62-A8B3F6E99C48}.Debug|Any CPU.Build.0 = Debug|Any CPU
		{DF8DD9CD-5B3B-42BC-8D62-A8B3F6E99C48}.Release|Any CPU.ActiveCfg = Release|Any CPU
		{DF8DD9CD-5B3B-42BC-8D62-A8B3F6E99C48}.Release|Any CPU.Build.0 = Release|Any CPU
		{39DC686A-455C-49EA-BBED-746B79F472D5}.Debug|Any CPU.ActiveCfg = Debug|Any CPU
		{39DC686A-455C-49EA-BBED-746B79F472D5}.Debug|Any CPU.Build.0 = Debug|Any CPU
		{39DC686A-455C-49EA-BBED-746B79F472D5}.Release|Any CPU.ActiveCfg = Release|Any CPU
		{39DC686A-455C-49EA-BBED-746B79F472D5}.Release|Any CPU.Build.0 = Release|Any CPU
		{ACFF5501-5C3A-4277-B0A8-D9AED3906381}.Debug|Any CPU.ActiveCfg = Debug|Any CPU
		{ACFF5501-5C3A-4277-B0A8-D9AED3906381}.Debug|Any CPU.Build.0 = Debug|Any CPU
		{ACFF5501-5C3A-4277-B0A8-D9AED3906381}.Release|Any CPU.ActiveCfg = Release|Any CPU
		{ACFF5501-5C3A-4277-B0A8-D9AED3906381}.Release|Any CPU.Build.0 = Release|Any CPU
	EndGlobalSection
	GlobalSection(SolutionProperties) = preSolution
		HideSolutionNode = FALSE
	EndGlobalSection
	GlobalSection(ExtensibilityGlobals) = postSolution
		SolutionGuid = {5D0DC87E-DD0C-4D41-9377-FF2FDBD27CA7}
	EndGlobalSection
EndGlobal
